
Microsoft Visual Studio Solution File, Format Version 12.00
# Visual Studio Version 16
VisualStudioVersion = 16.0.29411.108
MinimumVisualStudioVersion = 10.0.40219.1
Project("{FAE04EC0-301F-11D3-BF4B-00C04F79EFBC}") = "SimualtionGOMSApp_UWP", "SimualtionGOMSApp_UWP\SimualtionGOMSApp_UWP.csproj", "{FA89E253-B7B2-4423-BF15-59231868744A}"
EndProject
Global
	GlobalSection(SolutionConfigurationPlatforms) = preSolution
		Debug|ARM = Debug|ARM
		Debug|ARM64 = Debug|ARM64
		Debug|x64 = Debug|x64
		Debug|x86 = Debug|x86
		Release|ARM = Release|ARM
		Release|ARM64 = Release|ARM64
		Release|x64 = Release|x64
		Release|x86 = Release|x86
	EndGlobalSection
	GlobalSection(ProjectConfigurationPlatforms) = postSolution
		{FA89E253-B7B2-4423-BF15-59231868744A}.Debug|ARM.ActiveCfg = Debug|ARM
		{FA89E253-B7B2-4423-BF15-59231868744A}.Debug|ARM.Build.0 = Debug|ARM
		{FA89E253-B7B2-4423-BF15-59231868744A}.Debug|ARM.Deploy.0 = Debug|ARM
		{FA89E253-B7B2-4423-BF15-59231868744A}.Debug|ARM64.ActiveCfg = Debug|ARM64
		{FA89E253-B7B2-4423-BF15-59231868744A}.Debug|ARM64.Build.0 = Debug|ARM64
		{FA89E253-B7B2-4423-BF15-59231868744A}.Debug|ARM64.Deploy.0 = Debug|ARM64
		{FA89E253-B7B2-4423-BF15-59231868744A}.Debug|x64.ActiveCfg = Debug|x64
		{FA89E253-B7B2-4423-BF15-59231868744A}.Debug|x64.Build.0 = Debug|x64
		{FA89E253-B7B2-4423-BF15-59231868744A}.Debug|x64.Deploy.0 = Debug|x64
		{FA89E253-B7B2-4423-BF15-59231868744A}.Debug|x86.ActiveCfg = Debug|x86
		{FA89E253-B7B2-4423-BF15-59231868744A}.Debug|x86.Build.0 = Debug|x86
		{FA89E253-B7B2-4423-BF15-59231868744A}.Debug|x86.Deploy.0 = Debug|x86
		{FA89E253-B7B2-4423-BF15-59231868744A}.Release|ARM.ActiveCfg = Release|ARM
		{FA89E253-B7B2-4423-BF15-59231868744A}.Release|ARM.Build.0 = Release|ARM
		{FA89E253-B7B2-4423-BF15-59231868744A}.Release|ARM.Deploy.0 = Release|ARM
		{FA89E253-B7B2-4423-BF15-59231868744A}.Release|ARM64.ActiveCfg = Release|ARM64
		{FA89E253-B7B2-4423-BF15-59231868744A}.Release|ARM64.Build.0 = Release|ARM64
		{FA89E253-B7B2-4423-BF15-59231868744A}.Release|ARM64.Deploy.0 = Release|ARM64
		{FA89E253-B7B2-4423-BF15-59231868744A}.Release|x64.ActiveCfg = Release|x64
		{FA89E253-B7B2-4423-BF15-59231868744A}.Release|x64.Build.0 = Release|x64
		{FA89E253-B7B2-4423-BF15-59231868744A}.Release|x64.Deploy.0 = Release|x64
		{FA89E253-B7B2-4423-BF15-59231868744A}.Release|x86.ActiveCfg = Release|x86
		{FA89E253-B7B2-4423-BF15-59231868744A}.Release|x86.Build.0 = Release|x86
		{FA89E253-B7B2-4423-BF15-59231868744A}.Release|x86.Deploy.0 = Release|x86
	EndGlobalSection
	GlobalSection(SolutionProperties) = preSolution
		HideSolutionNode = FALSE
	EndGlobalSection
	GlobalSection(ExtensibilityGlobals) = postSolution
		SolutionGuid = {0442011D-F011-4AE4-8C32-381DA3A7DE8D}
	EndGlobalSection
EndGlobal
